github.com/smartystreets/assertions v1.13.0 h1:Dx1kYM01xsSqKPno3aqLnrwac2LetPvN23diwyr69Qs=
github.com/smartystreets/assertions v1.13.0/go.mod h1:wDmR7qL282YbGsPy6H/yAsesrxfxaaSlJazyFLYVFx8=
github.com/smartystreets/gunit v1.4.4 h1:oEKHO/Vn8VUO8KjEkoruZaZ3tcv2H8k66a3fgPcmoJg=
github.com/smartystreets/gunit v1.4.4/go.mod h1:ciyZ4dVTN2S8npQ4g9lMdARLX5XboUpcq5O7N6GlQmw=
